// !$*UTF8*$!
{
	archiveVersion = 1;
	classes = {
	};
	objectVersion = 56;
	objects = {

/* Begin PBXBuildFile section */
		F96D299D2AAC3CF300BE799C /* ApphudSDK in Frameworks */ = {isa = PBXBuildFile; productRef = F96D299C2AAC3CF300BE799C /* ApphudSDK */; };
		F96D29A02AAC3CFC00BE799C /* Amplitude in Frameworks */ = {isa = PBXBuildFile; productRef = F96D299F2AAC3CFC00BE799C /* Amplitude */; };
		F96D29A32AAC3D2A00BE799C /* FirebaseRemoteConfigSwift in Frameworks */ = {isa = PBXBuildFile; productRef = F96D29A22AAC3D2A00BE799C /* FirebaseRemoteConfigSwift */; };
		F96D29A52AAC3E9B00BE799C /* GoogleService-Info.plist in Resources */ = {isa = PBXBuildFile; fileRef = F96D29A42AAC3E9B00BE799C /* GoogleService-Info.plist */; };
		F96D29A72AAC3ED000BE799C /* Servul.swift in Sources */ = {isa = PBXBuildFile; fileRef = F96D29A62AAC3ED000BE799C /* Servul.swift */; };
		F96D29A92AAC3ED500BE799C /* Webul.swift in Sources */ = {isa = PBXBuildFile; fileRef = F96D29A82AAC3ED500BE799C /* Webul.swift */; };
		F9DEE8242AA613EB00A3B8E8 /* App184App.swift in Sources */ = {isa = PBXBuildFile; fileRef = F9DEE8232AA613EB00A3B8E8 /* App184App.swift */; };
		F9DEE8262AA613EB00A3B8E8 /* ContentView.swift in Sources */ = {isa = PBXBuildFile; fileRef = F9DEE8252AA613EB00A3B8E8 /* ContentView.swift */; };
		F9DEE8282AA613ED00A3B8E8 /* Assets.xcassets in Resources */ = {isa = PBXBuildFile; fileRef = F9DEE8272AA613ED00A3B8E8 /* Assets.xcassets */; };
		F9DEE82B2AA613ED00A3B8E8 /* Preview Assets.xcassets in Resources */ = {isa = PBXBuildFile; fileRef = F9DEE82A2AA613ED00A3B8E8 /* Preview Assets.xcassets */; };
		F9DEE8342AA613FF00A3B8E8 /* LoadingView.swift in Sources */ = {isa = PBXBuildFile; fileRef = F9DEE8332AA613FF00A3B8E8 /* LoadingView.swift */; };
		F9DEE8392AA6142100A3B8E8 /* Reviewers_1.swift in Sources */ = {isa = PBXBuildFile; fileRef = F9DEE8382AA6142100A3B8E8 /* Reviewers_1.swift */; };
		F9DEE83B2AA6142400A3B8E8 /* Reviewers_2.swift in Sources */ = {isa = PBXBuildFile; fileRef = F9DEE83A2AA6142400A3B8E8 /* Reviewers_2.swift */; };
		F9DEE83D2AA6142800A3B8E8 /* Reviewers_3.swift in Sources */ = {isa = PBXBuildFile; fileRef = F9DEE83C2AA6142800A3B8E8 /* Reviewers_3.swift */; };
		F9DEE83F2AA6142D00A3B8E8 /* Users_1.swift in Sources */ = {isa = PBXBuildFile; fileRef = F9DEE83E2AA6142D00A3B8E8 /* Users_1.swift */; };
		F9DEE8412AA6145C00A3B8E8 /* Users_2.swift in Sources */ = {isa = PBXBuildFile; fileRef = F9DEE8402AA6145C00A3B8E8 /* Users_2.swift */; };
		F9DEE8432AA6146000A3B8E8 /* Users_3.swift in Sources */ = {isa = PBXBuildFile; fileRef = F9DEE8422AA6146000A3B8E8 /* Users_3.swift */; };
		F9DEE8452AA6146900A3B8E8 /* Users_4.swift in Sources */ = {isa = PBXBuildFile; fileRef = F9DEE8442AA6146900A3B8E8 /* Users_4.swift */; };
		F9DEE8472AA6146D00A3B8E8 /* Users_5.swift in Sources */ = {isa = PBXBuildFile; fileRef = F9DEE8462AA6146D00A3B8E8 /* Users_5.swift */; };
		F9DEE84B2AA6164900A3B8E8 /* Launch Screen.storyboard in Resources */ = {isa = PBXBuildFile; fileRef = F9DEE84A2AA6164900A3B8E8 /* Launch Screen.storyboard */; };
		F9DEE84F2AA618C300A3B8E8 /* Alamofire in Frameworks */ = {isa = PBXBuildFile; productRef = F9DEE84E2AA618C300A3B8E8 /* Alamofire */; };
		F9DEE8522AA618D600A3B8E8 /* Kingfisher in Frameworks */ = {isa = PBXBuildFile; productRef = F9DEE8512AA618D600A3B8E8 /* Kingfisher */; };
		F9DEE8562AA618E900A3B8E8 /* WebPic.swift in Sources */ = {isa = PBXBuildFile; fileRef = F9DEE8552AA618E900A3B8E8 /* WebPic.swift */; };
		F9DEE8582AA6260400A3B8E8 /* Reviewers_4.swift in Sources */ = {isa = PBXBuildFile; fileRef = F9DEE8572AA6260400A3B8E8 /* Reviewers_4.swift */; };
		F9DEE85B2AA6282B00A3B8E8 /* CommunityView.swift in Sources */ = {isa = PBXBuildFile; fileRef = F9DEE85A2AA6282B00A3B8E8 /* CommunityView.swift */; };
		F9DEE85D2AA6282F00A3B8E8 /* CommunityViewModel.swift in Sources */ = {isa = PBXBuildFile; fileRef = F9DEE85C2AA6282F00A3B8E8 /* CommunityViewModel.swift */; };
		F9DEE85F2AA6283300A3B8E8 /* CommunityModel.swift in Sources */ = {isa = PBXBuildFile; fileRef = F9DEE85E2AA6283300A3B8E8 /* CommunityModel.swift */; };
		F9DEE8622AA62B8700A3B8E8 /* CommunityDetail.swift in Sources */ = {isa = PBXBuildFile; fileRef = F9DEE8612AA62B8700A3B8E8 /* CommunityDetail.swift */; };
		F9DEE8662AA62CC600A3B8E8 /* IdeasView.swift in Sources */ = {isa = PBXBuildFile; fileRef = F9DEE8652AA62CC600A3B8E8 /* IdeasView.swift */; };
		F9DEE8682AA62CF500A3B8E8 /* IdeasViewModel.swift in Sources */ = {isa = PBXBuildFile; fileRef = F9DEE8672AA62CF500A3B8E8 /* IdeasViewModel.swift */; };
		F9DEE86A2AA62CF900A3B8E8 /* IdeasModel.swift in Sources */ = {isa = PBXBuildFile; fileRef = F9DEE8692AA62CF900A3B8E8 /* IdeasModel.swift */; };
		F9DEE86D2AA62FF000A3B8E8 /* VideosDetail.swift in Sources */ = {isa = PBXBuildFile; fileRef = F9DEE86C2AA62FF000A3B8E8 /* VideosDetail.swift */; };
		F9DEE8702AA6306100A3B8E8 /* IdeasSimulator.swift in Sources */ = {isa = PBXBuildFile; fileRef = F9DEE86F2AA6306100A3B8E8 /* IdeasSimulator.swift */; };
		F9DEE8722AA6310F00A3B8E8 /* TradeChart.swift in Sources */ = {isa = PBXBuildFile; fileRef = F9DEE8712AA6310F00A3B8E8 /* TradeChart.swift */; };
		F9DEE8752AA634F800A3B8E8 /* AddView.swift in Sources */ = {isa = PBXBuildFile; fileRef = F9DEE8742AA634F800A3B8E8 /* AddView.swift */; };
		F9DEE8772AA634FC00A3B8E8 /* AddViewModel.swift in Sources */ = {isa = PBXBuildFile; fileRef = F9DEE8762AA634FC00A3B8E8 /* AddViewModel.swift */; };
		F9DEE87A2AA6350600A3B8E8 /* AddModel.xcdatamodeld in Sources */ = {isa = PBXBuildFile; fileRef = F9DEE8782AA6350600A3B8E8 /* AddModel.xcdatamodeld */; };
		F9DEE87C2AA6354900A3B8E8 /* CoreDataStack.swift in Sources */ = {isa = PBXBuildFile; fileRef = F9DEE87B2AA6354900A3B8E8 /* CoreDataStack.swift */; };
		F9DEE87E2AA6366600A3B8E8 /* TabBar.swift in Sources */ = {isa = PBXBuildFile; fileRef = F9DEE87D2AA6366600A3B8E8 /* TabBar.swift */; };
		F9DEE8812AA6368A00A3B8E8 /* ProfileView.swift in Sources */ = {isa = PBXBuildFile; fileRef = F9DEE8802AA6368A00A3B8E8 /* ProfileView.swift */; };
		F9DEE8832AA6369400A3B8E8 /* ProfileViewModel.swift in Sources */ = {isa = PBXBuildFile; fileRef = F9DEE8822AA6369400A3B8E8 /* ProfileViewModel.swift */; };
		F9DEE8862AA6395E00A3B8E8 /* SettingsView.swift in Sources */ = {isa = PBXBuildFile; fileRef = F9DEE8852AA6395E00A3B8E8 /* SettingsView.swift */; };
/* End PBXBuildFile section */

/* Begin PBXFileReference section */
		F96D29A42AAC3E9B00BE799C /* GoogleService-Info.plist */ = {isa = PBXFileReference; lastKnownFileType = text.plist; path = "GoogleService-Info.plist"; sourceTree = SOURCE_ROOT; };
		F96D29A62AAC3ED000BE799C /* Servul.swift */ = {isa = PBXFileReference; lastKnownFileType = sourcecode.swift; path = Servul.swift; sourceTree = "<group>"; };
		F96D29A82AAC3ED500BE799C /* Webul.swift */ = {isa = PBXFileReference; lastKnownFileType = sourcecode.swift; path = Webul.swift; sourceTree = "<group>"; };
		F9DEE8202AA613EB00A3B8E8 /* App184.app */ = {isa = PBXFileReference; explicitFileType = wrapper.application; includeInIndex = 0; path = App184.app; sourceTree = BUILT_PRODUCTS_DIR; };
		F9DEE8232AA613EB00A3B8E8 /* App184App.swift */ = {isa = PBXFileReference; lastKnownFileType = sourcecode.swift; path = App184App.swift; sourceTree = "<group>"; };
		F9DEE8252AA613EB00A3B8E8 /* ContentView.swift */ = {isa = PBXFileReference; lastKnownFileType = sourcecode.swift; path = ContentView.swift; sourceTree = "<group>"; };
		F9DEE8272AA613ED00A3B8E8 /* Assets.xcassets */ = {isa = PBXFileReference; lastKnownFileType = folder.assetcatalog; path = Assets.xcassets; sourceTree = "<group>"; };
		F9DEE82A2AA613ED00A3B8E8 /* Preview Assets.xcassets */ = {isa = PBXFileReference; lastKnownFileType = folder.assetcatalog; path = "Preview Assets.xcassets"; sourceTree = "<group>"; };
		F9DEE8332AA613FF00A3B8E8 /* LoadingView.swift */ = {isa = PBXFileReference; lastKnownFileType = sourcecode.swift; path = LoadingView.swift; sourceTree = "<group>"; };
		F9DEE8382AA6142100A3B8E8 /* Reviewers_1.swift */ = {isa = PBXFileReference; lastKnownFileType = sourcecode.swift; path = Reviewers_1.swift; sourceTree = "<group>"; };
		F9DEE83A2AA6142400A3B8E8 /* Reviewers_2.swift */ = {isa = PBXFileReference; lastKnownFileType = sourcecode.swift; path = Reviewers_2.swift; sourceTree = "<group>"; };
		F9DEE83C2AA6142800A3B8E8 /* Reviewers_3.swift */ = {isa = PBXFileReference; lastKnownFileType = sourcecode.swift; path = Reviewers_3.swift; sourceTree = "<group>"; };
		F9DEE83E2AA6142D00A3B8E8 /* Users_1.swift */ = {isa = PBXFileReference; lastKnownFileType = sourcecode.swift; path = Users_1.swift; sourceTree = "<group>"; };
		F9DEE8402AA6145C00A3B8E8 /* Users_2.swift */ = {isa = PBXFileReference; lastKnownFileType = sourcecode.swift; path = Users_2.swift; sourceTree = "<group>"; };
		F9DEE8422AA6146000A3B8E8 /* Users_3.swift */ = {isa = PBXFileReference; lastKnownFileType = sourcecode.swift; path = Users_3.swift; sourceTree = "<group>"; };
		F9DEE8442AA6146900A3B8E8 /* Users_4.swift */ = {isa = PBXFileReference; lastKnownFileType = sourcecode.swift; path = Users_4.swift; sourceTree = "<group>"; };
		F9DEE8462AA6146D00A3B8E8 /* Users_5.swift */ = {isa = PBXFileReference; lastKnownFileType = sourcecode.swift; path = Users_5.swift; sourceTree = "<group>"; };
		F9DEE84A2AA6164900A3B8E8 /* Launch Screen.storyboard */ = {isa = PBXFileReference; lastKnownFileType = file.storyboard; path = "Launch Screen.storyboard"; sourceTree = "<group>"; };
		F9DEE84C2AA6166F00A3B8E8 /* Info.plist */ = {isa = PBXFileReference; lastKnownFileType = text.plist; path = Info.plist; sourceTree = "<group>"; };
		F9DEE8552AA618E900A3B8E8 /* WebPic.swift */ = {isa = PBXFileReference; lastKnownFileType = sourcecode.swift; path = WebPic.swift; sourceTree = "<group>"; };
		F9DEE8572AA6260400A3B8E8 /* Reviewers_4.swift */ = {isa = PBXFileReference; lastKnownFileType = sourcecode.swift; path = Reviewers_4.swift; sourceTree = "<group>"; };
		F9DEE85A2AA6282B00A3B8E8 /* CommunityView.swift */ = {isa = PBXFileReference; lastKnownFileType = sourcecode.swift; path = CommunityView.swift; sourceTree = "<group>"; };
		F9DEE85C2AA6282F00A3B8E8 /* CommunityViewModel.swift */ = {isa = PBXFileReference; lastKnownFileType = sourcecode.swift; path = CommunityViewModel.swift; sourceTree = "<group>"; };
		F9DEE85E2AA6283300A3B8E8 /* CommunityModel.swift */ = {isa = PBXFileReference; lastKnownFileType = sourcecode.swift; path = CommunityModel.swift; sourceTree = "<group>"; };
		F9DEE8612AA62B8700A3B8E8 /* CommunityDetail.swift */ = {isa = PBXFileReference; lastKnownFileType = sourcecode.swift; path = CommunityDetail.swift; sourceTree = "<group>"; };
		F9DEE8652AA62CC600A3B8E8 /* IdeasView.swift */ = {isa = PBXFileReference; lastKnownFileType = sourcecode.swift; path = IdeasView.swift; sourceTree = "<group>"; };
		F9DEE8672AA62CF500A3B8E8 /* IdeasViewModel.swift */ = {isa = PBXFileReference; lastKnownFileType = sourcecode.swift; path = IdeasViewModel.swift; sourceTree = "<group>"; };
		F9DEE8692AA62CF900A3B8E8 /* IdeasModel.swift */ = {isa = PBXFileReference; lastKnownFileType = sourcecode.swift; path = IdeasModel.swift; sourceTree = "<group>"; };
		F9DEE86C2AA62FF000A3B8E8 /* VideosDetail.swift */ = {isa = PBXFileReference; lastKnownFileType = sourcecode.swift; path = VideosDetail.swift; sourceTree = "<group>"; };
		F9DEE86F2AA6306100A3B8E8 /* IdeasSimulator.swift */ = {isa = PBXFileReference; lastKnownFileType = sourcecode.swift; path = IdeasSimulator.swift; sourceTree = "<group>"; };
		F9DEE8712AA6310F00A3B8E8 /* TradeChart.swift */ = {isa = PBXFileReference; lastKnownFileType = sourcecode.swift; path = TradeChart.swift; sourceTree = "<group>"; };
		F9DEE8742AA634F800A3B8E8 /* AddView.swift */ = {isa = PBXFileReference; lastKnownFileType = sourcecode.swift; path = AddView.swift; sourceTree = "<group>"; };
		F9DEE8762AA634FC00A3B8E8 /* AddViewModel.swift */ = {isa = PBXFileReference; lastKnownFileType = sourcecode.swift; path = AddViewModel.swift; sourceTree = "<group>"; };
		F9DEE8792AA6350600A3B8E8 /* AddModel.xcdatamodel */ = {isa = PBXFileReference; lastKnownFileType = wrapper.xcdatamodel; path = AddModel.xcdatamodel; sourceTree = "<group>"; };
		F9DEE87B2AA6354900A3B8E8 /* CoreDataStack.swift */ = {isa = PBXFileReference; lastKnownFileType = sourcecode.swift; path = CoreDataStack.swift; sourceTree = "<group>"; };
		F9DEE87D2AA6366600A3B8E8 /* TabBar.swift */ = {isa = PBXFileReference; lastKnownFileType = sourcecode.swift; path = TabBar.swift; sourceTree = "<group>"; };
		F9DEE8802AA6368A00A3B8E8 /* ProfileView.swift */ = {isa = PBXFileReference; lastKnownFileType = sourcecode.swift; path = ProfileView.swift; sourceTree = "<group>"; };
		F9DEE8822AA6369400A3B8E8 /* ProfileViewModel.swift */ = {isa = PBXFileReference; lastKnownFileType = sourcecode.swift; path = ProfileViewModel.swift; sourceTree = "<group>"; };
		F9DEE8852AA6395E00A3B8E8 /* SettingsView.swift */ = {isa = PBXFileReference; lastKnownFileType = sourcecode.swift; path = SettingsView.swift; sourceTree = "<group>"; };
/* End PBXFileReference section */

/* Begin PBXFrameworksBuildPhase section */
		F9DEE81D2AA613EB00A3B8E8 /* Frameworks */ = {
			isa = PBXFrameworksBuildPhase;
			buildActionMask = 2147483647;
			files = (
				F96D299D2AAC3CF300BE799C /* ApphudSDK in Frameworks */,
				F9DEE8522AA618D600A3B8E8 /* Kingfisher in Frameworks */,
				F96D29A32AAC3D2A00BE799C /* FirebaseRemoteConfigSwift in Frameworks */,
				F96D29A02AAC3CFC00BE799C /* Amplitude in Frameworks */,
				F9DEE84F2AA618C300A3B8E8 /* Alamofire in Frameworks */,
			);
			runOnlyForDeploymentPostprocessing = 0;
		};
/* End PBXFrameworksBuildPhase section */

/* Begin PBXGroup section */
		F9DEE8172AA613EB00A3B8E8 = {
			isa = PBXGroup;
			children = (
				F9DEE8222AA613EB00A3B8E8 /* App184 */,
				F9DEE8212AA613EB00A3B8E8 /* Products */,
			);
			sourceTree = "<group>";
		};
		F9DEE8212AA613EB00A3B8E8 /* Products */ = {
			isa = PBXGroup;
			children = (
				F9DEE8202AA613EB00A3B8E8 /* App184.app */,
			);
			name = Products;
			sourceTree = "<group>";
		};
		F9DEE8222AA613EB00A3B8E8 /* App184 */ = {
			isa = PBXGroup;
			children = (
				F96D29A42AAC3E9B00BE799C /* GoogleService-Info.plist */,
				F9DEE84C2AA6166F00A3B8E8 /* Info.plist */,
				F9DEE8232AA613EB00A3B8E8 /* App184App.swift */,
				F9DEE8252AA613EB00A3B8E8 /* ContentView.swift */,
				F9DEE8312AA613F500A3B8E8 /* Project */,
				F9DEE8272AA613ED00A3B8E8 /* Assets.xcassets */,
				F9DEE8292AA613ED00A3B8E8 /* Preview Content */,
				F9DEE84A2AA6164900A3B8E8 /* Launch Screen.storyboard */,
			);
			path = App184;
			sourceTree = "<group>";
		};
		F9DEE8292AA613ED00A3B8E8 /* Preview Content */ = {
			isa = PBXGroup;
			children = (
				F9DEE82A2AA613ED00A3B8E8 /* Preview Assets.xcassets */,
			);
			path = "Preview Content";
			sourceTree = "<group>";
		};
		F9DEE8312AA613F500A3B8E8 /* Project */ = {
			isa = PBXGroup;
			children = (
				F9DEE8352AA6140A00A3B8E8 /* Extensions */,
				F9DEE8332AA613FF00A3B8E8 /* LoadingView.swift */,
				F9DEE87D2AA6366600A3B8E8 /* TabBar.swift */,
				F9DEE87F2AA6368400A3B8E8 /* Profile */,
				F9DEE8642AA62CBF00A3B8E8 /* Ideas */,
				F9DEE8632AA62CBC00A3B8E8 /* Add */,
				F9DEE8592AA6282600A3B8E8 /* Community */,
				F9DEE8322AA613F900A3B8E8 /* Splash */,
			);
			path = Project;
			sourceTree = "<group>";
		};
		F9DEE8322AA613F900A3B8E8 /* Splash */ = {
			isa = PBXGroup;
			children = (
				F9DEE8372AA6141A00A3B8E8 /* Reviewers */,
				F9DEE8362AA6141700A3B8E8 /* Users */,
			);
			path = Splash;
			sourceTree = "<group>";
		};
		F9DEE8352AA6140A00A3B8E8 /* Extensions */ = {
			isa = PBXGroup;
			children = (
				F9DEE8552AA618E900A3B8E8 /* WebPic.swift */,
				F9DEE8712AA6310F00A3B8E8 /* TradeChart.swift */,
				F9DEE87B2AA6354900A3B8E8 /* CoreDataStack.swift */,
				F96D29A62AAC3ED000BE799C /* Servul.swift */,
				F96D29A82AAC3ED500BE799C /* Webul.swift */,
			);
			path = Extensions;
			sourceTree = "<group>";
		};
		F9DEE8362AA6141700A3B8E8 /* Users */ = {
			isa = PBXGroup;
			children = (
				F9DEE83E2AA6142D00A3B8E8 /* Users_1.swift */,
				F9DEE8402AA6145C00A3B8E8 /* Users_2.swift */,
				F9DEE8422AA6146000A3B8E8 /* Users_3.swift */,
				F9DEE8442AA6146900A3B8E8 /* Users_4.swift */,
				F9DEE8462AA6146D00A3B8E8 /* Users_5.swift */,
			);
			path = Users;
			sourceTree = "<group>";
		};
		F9DEE8372AA6141A00A3B8E8 /* Reviewers */ = {
			isa = PBXGroup;
			children = (
				F9DEE8382AA6142100A3B8E8 /* Reviewers_1.swift */,
				F9DEE83A2AA6142400A3B8E8 /* Reviewers_2.swift */,
				F9DEE83C2AA6142800A3B8E8 /* Reviewers_3.swift */,
				F9DEE8572AA6260400A3B8E8 /* Reviewers_4.swift */,
			);
			path = Reviewers;
			sourceTree = "<group>";
		};
		F9DEE8592AA6282600A3B8E8 /* Community */ = {
			isa = PBXGroup;
			children = (
				F9DEE8602AA62B8200A3B8E8 /* CommunityDetail */,
				F9DEE85A2AA6282B00A3B8E8 /* CommunityView.swift */,
				F9DEE85C2AA6282F00A3B8E8 /* CommunityViewModel.swift */,
				F9DEE85E2AA6283300A3B8E8 /* CommunityModel.swift */,
			);
			path = Community;
			sourceTree = "<group>";
		};
		F9DEE8602AA62B8200A3B8E8 /* CommunityDetail */ = {
			isa = PBXGroup;
			children = (
				F9DEE8612AA62B8700A3B8E8 /* CommunityDetail.swift */,
			);
			path = CommunityDetail;
			sourceTree = "<group>";
		};
		F9DEE8632AA62CBC00A3B8E8 /* Add */ = {
			isa = PBXGroup;
			children = (
				F9DEE8742AA634F800A3B8E8 /* AddView.swift */,
				F9DEE8762AA634FC00A3B8E8 /* AddViewModel.swift */,
				F9DEE8782AA6350600A3B8E8 /* AddModel.xcdatamodeld */,
			);
			path = Add;
			sourceTree = "<group>";
		};
		F9DEE8642AA62CBF00A3B8E8 /* Ideas */ = {
			isa = PBXGroup;
			children = (
				F9DEE86E2AA6305B00A3B8E8 /* IdeasSimulator */,
				F9DEE86B2AA62FE800A3B8E8 /* VideosDetail */,
				F9DEE8652AA62CC600A3B8E8 /* IdeasView.swift */,
				F9DEE8672AA62CF500A3B8E8 /* IdeasViewModel.swift */,
				F9DEE8692AA62CF900A3B8E8 /* IdeasModel.swift */,
			);
			path = Ideas;
			sourceTree = "<group>";
		};
		F9DEE86B2AA62FE800A3B8E8 /* VideosDetail */ = {
			isa = PBXGroup;
			children = (
				F9DEE86C2AA62FF000A3B8E8 /* VideosDetail.swift */,
			);
			path = VideosDetail;
			sourceTree = "<group>";
		};
		F9DEE86E2AA6305B00A3B8E8 /* IdeasSimulator */ = {
			isa = PBXGroup;
			children = (
				F9DEE86F2AA6306100A3B8E8 /* IdeasSimulator.swift */,
			);
			path = IdeasSimulator;
			sourceTree = "<group>";
		};
		F9DEE87F2AA6368400A3B8E8 /* Profile */ = {
			isa = PBXGroup;
			children = (
				F9DEE8842AA6395900A3B8E8 /* Settings */,
				F9DEE8802AA6368A00A3B8E8 /* ProfileView.swift */,
				F9DEE8822AA6369400A3B8E8 /* ProfileViewModel.swift */,
			);
			path = Profile;
			sourceTree = "<group>";
		};
		F9DEE8842AA6395900A3B8E8 /* Settings */ = {
			isa = PBXGroup;
			children = (
				F9DEE8852AA6395E00A3B8E8 /* SettingsView.swift */,
			);
			path = Settings;
			sourceTree = "<group>";
		};
/* End PBXGroup section */

/* Begin PBXNativeTarget section */
		F9DEE81F2AA613EB00A3B8E8 /* App184 */ = {
			isa = PBXNativeTarget;
			buildConfigurationList = F9DEE82E2AA613ED00A3B8E8 /* Build configuration list for PBXNativeTarget "App184" */;
			buildPhases = (
				F9DEE81C2AA613EB00A3B8E8 /* Sources */,
				F9DEE81D2AA613EB00A3B8E8 /* Frameworks */,
				F9DEE81E2AA613EB00A3B8E8 /* Resources */,
			);
			buildRules = (
			);
			dependencies = (
			);
			name = App184;
			packageProductDependencies = (
				F9DEE84E2AA618C300A3B8E8 /* Alamofire */,
				F9DEE8512AA618D600A3B8E8 /* Kingfisher */,
				F96D299C2AAC3CF300BE799C /* ApphudSDK */,
				F96D299F2AAC3CFC00BE799C /* Amplitude */,
				F96D29A22AAC3D2A00BE799C /* FirebaseRemoteConfigSwift */,
			);
			productName = App184;
			productReference = F9DEE8202AA613EB00A3B8E8 /* App184.app */;
			productType = "com.apple.product-type.application";
		};
/* End PBXNativeTarget section */

/* Begin PBXProject section */
		F9DEE8182AA613EB00A3B8E8 /* Project object */ = {
			isa = PBXProject;
			attributes = {
				BuildIndependentTargetsInParallel = 1;
				LastSwiftUpdateCheck = 1430;
				LastUpgradeCheck = 1430;
				TargetAttributes = {
					F9DEE81F2AA613EB00A3B8E8 = {
						CreatedOnToolsVersion = 14.3;
					};
				};
			};
			buildConfigurationList = F9DEE81B2AA613EB00A3B8E8 /* Build configuration list for PBXProject "App184" */;
			compatibilityVersion = "Xcode 14.0";
			developmentRegion = en;
			hasScannedForEncodings = 0;
			knownRegions = (
				en,
				Base,
			);
			mainGroup = F9DEE8172AA613EB00A3B8E8;
			packageReferences = (
				F9DEE84D2AA618C300A3B8E8 /* XCRemoteSwiftPackageReference "Alamofire" */,
				F9DEE8502AA618D600A3B8E8 /* XCRemoteSwiftPackageReference "Kingfisher" */,
				F96D299B2AAC3CF300BE799C /* XCRemoteSwiftPackageReference "ApphudSDK" */,
				F96D299E2AAC3CFC00BE799C /* XCRemoteSwiftPackageReference "Amplitude-iOS" */,
				F96D29A12AAC3D2A00BE799C /* XCRemoteSwiftPackageReference "firebase-ios-sdk" */,
			);
			productRefGroup = F9DEE8212AA613EB00A3B8E8 /* Products */;
			projectDirPath = "";
			projectRoot = "";
			targets = (
				F9DEE81F2AA613EB00A3B8E8 /* App184 */,
			);
		};
/* End PBXProject section */

/* Begin PBXResourcesBuildPhase section */
		F9DEE81E2AA613EB00A3B8E8 /* Resources */ = {
			isa = PBXResourcesBuildPhase;
			buildActionMask = 2147483647;
			files = (
				F9DEE84B2AA6164900A3B8E8 /* Launch Screen.storyboard in Resources */,
				F96D29A52AAC3E9B00BE799C /* GoogleService-Info.plist in Resources */,
				F9DEE82B2AA613ED00A3B8E8 /* Preview Assets.xcassets in Resources */,
				F9DEE8282AA613ED00A3B8E8 /* Assets.xcassets in Resources */,
			);
			runOnlyForDeploymentPostprocessing = 0;
		};
/* End PBXResourcesBuildPhase section */

/* Begin PBXSourcesBuildPhase section */
		F9DEE81C2AA613EB00A3B8E8 /* Sources */ = {
			isa = PBXSourcesBuildPhase;
			buildActionMask = 2147483647;
			files = (
				F9DEE8622AA62B8700A3B8E8 /* CommunityDetail.swift in Sources */,
				F9DEE85B2AA6282B00A3B8E8 /* CommunityView.swift in Sources */,
				F9DEE8682AA62CF500A3B8E8 /* IdeasViewModel.swift in Sources */,
				F9DEE87C2AA6354900A3B8E8 /* CoreDataStack.swift in Sources */,
				F9DEE8772AA634FC00A3B8E8 /* AddViewModel.swift in Sources */,
				F9DEE8432AA6146000A3B8E8 /* Users_3.swift in Sources */,
				F9DEE8392AA6142100A3B8E8 /* Reviewers_1.swift in Sources */,
				F9DEE85D2AA6282F00A3B8E8 /* CommunityViewModel.swift in Sources */,
				F96D29A72AAC3ED000BE799C /* Servul.swift in Sources */,
				F9DEE8562AA618E900A3B8E8 /* WebPic.swift in Sources */,
				F9DEE85F2AA6283300A3B8E8 /* CommunityModel.swift in Sources */,
				F9DEE86D2AA62FF000A3B8E8 /* VideosDetail.swift in Sources */,
				F9DEE8812AA6368A00A3B8E8 /* ProfileView.swift in Sources */,
				F9DEE83B2AA6142400A3B8E8 /* Reviewers_2.swift in Sources */,
				F9DEE87A2AA6350600A3B8E8 /* AddModel.xcdatamodeld in Sources */,
				F9DEE83D2AA6142800A3B8E8 /* Reviewers_3.swift in Sources */,
				F9DEE86A2AA62CF900A3B8E8 /* IdeasModel.swift in Sources */,
				F9DEE8412AA6145C00A3B8E8 /* Users_2.swift in Sources */,
				F9DEE8472AA6146D00A3B8E8 /* Users_5.swift in Sources */,
				F9DEE8662AA62CC600A3B8E8 /* IdeasView.swift in Sources */,
				F9DEE8452AA6146900A3B8E8 /* Users_4.swift in Sources */,
				F9DEE8582AA6260400A3B8E8 /* Reviewers_4.swift in Sources */,
				F9DEE8722AA6310F00A3B8E8 /* TradeChart.swift in Sources */,
				F9DEE8702AA6306100A3B8E8 /* IdeasSimulator.swift in Sources */,
				F9DEE83F2AA6142D00A3B8E8 /* Users_1.swift in Sources */,
				F96D29A92AAC3ED500BE799C /* Webul.swift in Sources */,
				F9DEE8832AA6369400A3B8E8 /* ProfileViewModel.swift in Sources */,
				F9DEE8752AA634F800A3B8E8 /* AddView.swift in Sources */,
				F9DEE8262AA613EB00A3B8E8 /* ContentView.swift in Sources */,
				F9DEE8242AA613EB00A3B8E8 /* App184App.swift in Sources */,
				F9DEE8342AA613FF00A3B8E8 /* LoadingView.swift in Sources */,
				F9DEE8862AA6395E00A3B8E8 /* SettingsView.swift in Sources */,
				F9DEE87E2AA6366600A3B8E8 /* TabBar.swift in Sources */,
			);
			runOnlyForDeploymentPostprocessing = 0;
		};
/* End PBXSourcesBuildPhase section */

/* Begin XCBuildConfiguration section */
		F9DEE82C2AA613ED00A3B8E8 /* Debug */ = {
			isa = XCBuildConfiguration;
			buildSettings = {
				ALWAYS_SEARCH_USER_PATHS = NO;
				CLANG_ANALYZER_NONNULL = YES;
				CLANG_ANALYZER_NUMBER_OBJECT_CONVERSION = YES_AGGRESSIVE;
				CLANG_CXX_LANGUAGE_STANDARD = "gnu++20";
				CLANG_ENABLE_MODULES = YES;
				CLANG_ENABLE_OBJC_ARC = YES;
				CLANG_ENABLE_OBJC_WEAK = YES;
				CLANG_WARN_BLOCK_CAPTURE_AUTORELEASING = YES;
				CLANG_WARN_BOOL_CONVERSION = YES;
				CLANG_WARN_COMMA = YES;
				CLANG_WARN_CONSTANT_CONVERSION = YES;
				CLANG_WARN_DEPRECATED_OBJC_IMPLEMENTATIONS = YES;
				CLANG_WARN_DIRECT_OBJC_ISA_USAGE = YES_ERROR;
				CLANG_WARN_DOCUMENTATION_COMMENTS = YES;
				CLANG_WARN_EMPTY_BODY = YES;
				CLANG_WARN_ENUM_CONVERSION = YES;
				CLANG_WARN_INFINITE_RECURSION = YES;
				CLANG_WARN_INT_CONVERSION = YES;
				CLANG_WARN_NON_LITERAL_NULL_CONVERSION = YES;
				CLANG_WARN_OBJC_IMPLICIT_RETAIN_SELF = YES;
				CLANG_WARN_OBJC_LITERAL_CONVERSION = YES;
				CLANG_WARN_OBJC_ROOT_CLASS = YES_ERROR;
				CLANG_WARN_QUOTED_INCLUDE_IN_FRAMEWORK_HEADER = YES;
				CLANG_WARN_RANGE_LOOP_ANALYSIS = YES;
				CLANG_WARN_STRICT_PROTOTYPES = YES;
				CLANG_WARN_SUSPICIOUS_MOVE = YES;
				CLANG_WARN_UNGUARDED_AVAILABILITY = YES_AGGRESSIVE;
				CLANG_WARN_UNREACHABLE_CODE = YES;
				CLANG_WARN__DUPLICATE_METHOD_MATCH = YES;
				COPY_PHASE_STRIP = NO;
				DEBUG_INFORMATION_FORMAT = dwarf;
				ENABLE_STRICT_OBJC_MSGSEND = YES;
				ENABLE_TESTABILITY = YES;
				GCC_C_LANGUAGE_STANDARD = gnu11;
				GCC_DYNAMIC_NO_PIC = NO;
				GCC_NO_COMMON_BLOCKS = YES;
				GCC_OPTIMIZATION_LEVEL = fast;
				GCC_PREPROCESSOR_DEFINITIONS = (
					"DEBUG=1",
					"$(inherited)",
				);
				GCC_WARN_64_TO_32_BIT_CONVERSION = YES;
				GCC_WARN_ABOUT_RETURN_TYPE = YES_ERROR;
				GCC_WARN_UNDECLARED_SELECTOR = YES;
				GCC_WARN_UNINITIALIZED_AUTOS = YES_AGGRESSIVE;
				GCC_WARN_UNUSED_FUNCTION = YES;
				GCC_WARN_UNUSED_VARIABLE = YES;
				IPHONEOS_DEPLOYMENT_TARGET = 14.0;
				MTL_ENABLE_DEBUG_INFO = INCLUDE_SOURCE;
				MTL_FAST_MATH = YES;
				ONLY_ACTIVE_ARCH = YES;
				SDKROOT = iphoneos;
				SWIFT_ACTIVE_COMPILATION_CONDITIONS = DEBUG;
				SWIFT_OPTIMIZATION_LEVEL = "-Onone";
			};
			name = Debug;
		};
		F9DEE82D2AA613ED00A3B8E8 /* Release */ = {
			isa = XCBuildConfiguration;
			buildSettings = {
				ALWAYS_SEARCH_USER_PATHS = NO;
				CLANG_ANALYZER_NONNULL = YES;
				CLANG_ANALYZER_NUMBER_OBJECT_CONVERSION = YES_AGGRESSIVE;
				CLANG_CXX_LANGUAGE_STANDARD = "gnu++20";
				CLANG_ENABLE_MODULES = YES;
				CLANG_ENABLE_OBJC_ARC = YES;
				CLANG_ENABLE_OBJC_WEAK = YES;
				CLANG_WARN_BLOCK_CAPTURE_AUTORELEASING = YES;
				CLANG_WARN_BOOL_CONVERSION = YES;
				CLANG_WARN_COMMA = YES;
				CLANG_WARN_CONSTANT_CONVERSION = YES;
				CLANG_WARN_DEPRECATED_OBJC_IMPLEMENTATIONS = YES;
				CLANG_WARN_DIRECT_OBJC_ISA_USAGE = YES_ERROR;
				CLANG_WARN_DOCUMENTATION_COMMENTS = YES;
				CLANG_WARN_EMPTY_BODY = YES;
				CLANG_WARN_ENUM_CONVERSION = YES;
				CLANG_WARN_INFINITE_RECURSION = YES;
				CLANG_WARN_INT_CONVERSION = YES;
				CLANG_WARN_NON_LITERAL_NULL_CONVERSION = YES;
				CLANG_WARN_OBJC_IMPLICIT_RETAIN_SELF = YES;
				CLANG_WARN_OBJC_LITERAL_CONVERSION = YES;
				CLANG_WARN_OBJC_ROOT_CLASS = YES_ERROR;
				CLANG_WARN_QUOTED_INCLUDE_IN_FRAMEWORK_HEADER = YES;
				CLANG_WARN_RANGE_LOOP_ANALYSIS = YES;
				CLANG_WARN_STRICT_PROTOTYPES = YES;
				CLANG_WARN_SUSPICIOUS_MOVE = YES;
				CLANG_WARN_UNGUARDED_AVAILABILITY = YES_AGGRESSIVE;
				CLANG_WARN_UNREACHABLE_CODE = YES;
				CLANG_WARN__DUPLICATE_METHOD_MATCH = YES;
				COPY_PHASE_STRIP = NO;
				DEBUG_INFORMATION_FORMAT = "dwarf-with-dsym";
				ENABLE_NS_ASSERTIONS = NO;
				ENABLE_STRICT_OBJC_MSGSEND = YES;
				GCC_C_LANGUAGE_STANDARD = gnu11;
				GCC_NO_COMMON_BLOCKS = YES;
				GCC_OPTIMIZATION_LEVEL = fast;
				GCC_WARN_64_TO_32_BIT_CONVERSION = YES;
				GCC_WARN_ABOUT_RETURN_TYPE = YES_ERROR;
				GCC_WARN_UNDECLARED_SELECTOR = YES;
				GCC_WARN_UNINITIALIZED_AUTOS = YES_AGGRESSIVE;
				GCC_WARN_UNUSED_FUNCTION = YES;
				GCC_WARN_UNUSED_VARIABLE = YES;
				IPHONEOS_DEPLOYMENT_TARGET = 14.0;
				MTL_ENABLE_DEBUG_INFO = NO;
				MTL_FAST_MATH = YES;
				SDKROOT = iphoneos;
				SWIFT_COMPILATION_MODE = wholemodule;
				SWIFT_OPTIMIZATION_LEVEL = "-O";
				VALIDATE_PRODUCT = YES;
			};
			name = Release;
		};
		F9DEE82F2AA613ED00A3B8E8 /* Debug */ = {
			isa = XCBuildConfiguration;
			buildSettings = {
				ASSETCATALOG_COMPILER_APPICON_NAME = AppIcon;
				ASSETCATALOG_COMPILER_GLOBAL_ACCENT_COLOR_NAME = AccentColor;
				CODE_SIGN_STYLE = Automatic;
				CURRENT_PROJECT_VERSION = 1;
				DEVELOPMENT_ASSET_PATHS = "\"App184/Preview Content\"";
				ENABLE_PREVIEWS = YES;
				GCC_OPTIMIZATION_LEVEL = fast;
				GENERATE_INFOPLIST_FILE = YES;
				INFOPLIST_FILE = App184/Info.plist;
				INFOPLIST_KEY_CFBundleDisplayName = InvestHub;
				INFOPLIST_KEY_UIApplicationSceneManifest_Generation = YES;
				INFOPLIST_KEY_UIApplicationSupportsIndirectInputEvents = YES;
				INFOPLIST_KEY_UILaunchScreen_Generation = YES;
				INFOPLIST_KEY_UILaunchStoryboardName = "Launch Screen.storyboard";
				INFOPLIST_KEY_UISupportedInterfaceOrientations = UIInterfaceOrientationPortrait;
				INFOPLIST_KEY_UISupportedInterfaceOrientations_iPad = "UIInterfaceOrientationLandscapeLeft UIInterfaceOrientationLandscapeRight UIInterfaceOrientationPortrait UIInterfaceOrientationPortraitUpsideDown";
				LD_RUNPATH_SEARCH_PATHS = (
					"$(inherited)",
					"@executable_path/Frameworks",
				);
				MARKETING_VERSION = 1.0;
				PRODUCT_BUNDLE_IDENTIFIER = xz.App184;
				PRODUCT_NAME = "$(TARGET_NAME)";
				SUPPORTED_PLATFORMS = "iphoneos iphonesimulator";
				SUPPORTS_MACCATALYST = NO;
				SUPPORTS_MAC_DESIGNED_FOR_IPHONE_IPAD = NO;
				SWIFT_EMIT_LOC_STRINGS = YES;
				SWIFT_VERSION = 5.0;
				TARGETED_DEVICE_FAMILY = 1;
			};
			name = Debug;
		};
		F9DEE8302AA613ED00A3B8E8 /* Release */ = {
			isa = XCBuildConfiguration;
			buildSettings = {
				ASSETCATALOG_COMPILER_APPICON_NAME = AppIcon;
				ASSETCATALOG_COMPILER_GLOBAL_ACCENT_COLOR_NAME = AccentColor;
				CODE_SIGN_STYLE = Automatic;
				CURRENT_PROJECT_VERSION = 1;
				DEVELOPMENT_ASSET_PATHS = "\"App184/Preview Content\"";
				ENABLE_PREVIEWS = YES;
				GCC_OPTIMIZATION_LEVEL = fast;
				GENERATE_INFOPLIST_FILE = YES;
				INFOPLIST_FILE = App184/Info.plist;
				INFOPLIST_KEY_CFBundleDisplayName = InvestHub;
				INFOPLIST_KEY_UIApplicationSceneManifest_Generation = YES;
				INFOPLIST_KEY_UIApplicationSupportsIndirectInputEvents = YES;
				INFOPLIST_KEY_UILaunchScreen_Generation = YES;
				INFOPLIST_KEY_UILaunchStoryboardName = "Launch Screen.storyboard";
				INFOPLIST_KEY_UISupportedInterfaceOrientations = UIInterfaceOrientationPortrait;
				INFOPLIST_KEY_UISupportedInterfaceOrientations_iPad = "UIInterfaceOrientationLandscapeLeft UIInterfaceOrientationLandscapeRight UIInterfaceOrientationPortrait UIInterfaceOrientationPortraitUpsideDown";
				LD_RUNPATH_SEARCH_PATHS = (
					"$(inherited)",
					"@executable_path/Frameworks",
				);
				MARKETING_VERSION = 1.0;
				PRODUCT_BUNDLE_IDENTIFIER = xz.App184;
				PRODUCT_NAME = "$(TARGET_NAME)";
				SUPPORTED_PLATFORMS = "iphoneos iphonesimulator";
				SUPPORTS_MACCATALYST = NO;
				SUPPORTS_MAC_DESIGNED_FOR_IPHONE_IPAD = NO;
				SWIFT_EMIT_LOC_STRINGS = YES;
				SWIFT_VERSION = 5.0;
				TARGETED_DEVICE_FAMILY = 1;
			};
			name = Release;
		};
/* End XCBuildConfiguration section */

/* Begin XCConfigurationList section */
		F9DEE81B2AA613EB00A3B8E8 /* Build configuration list for PBXProject "App184" */ = {
			isa = XCConfigurationList;
			buildConfigurations = (
				F9DEE82C2AA613ED00A3B8E8 /* Debug */,
				F9DEE82D2AA613ED00A3B8E8 /* Release */,
			);
			defaultConfigurationIsVisible = 0;
			defaultConfigurationName = Release;
		};
		F9DEE82E2AA613ED00A3B8E8 /* Build configuration list for PBXNativeTarget "App184" */ = {
			isa = XCConfigurationList;
			buildConfigurations = (
				F9DEE82F2AA613ED00A3B8E8 /* Debug */,
				F9DEE8302AA613ED00A3B8E8 /* Release */,
			);
			defaultConfigurationIsVisible = 0;
			defaultConfigurationName = Release;
		};
/* End XCConfigurationList section */

/* Begin XCRemoteSwiftPackageReference section */
		F96D299B2AAC3CF300BE799C /* XCRemoteSwiftPackageReference "ApphudSDK" */ = {
			isa = XCRemoteSwiftPackageReference;
			repositoryURL = "https://github.com/apphud/ApphudSDK";
			requirement = {
				kind = upToNextMajorVersion;
				minimumVersion = 3.0.0;
			};
		};
		F96D299E2AAC3CFC00BE799C /* XCRemoteSwiftPackageReference "Amplitude-iOS" */ = {
			isa = XCRemoteSwiftPackageReference;
			repositoryURL = "https://github.com/amplitude/Amplitude-iOS.git";
			requirement = {
				branch = main;
				kind = branch;
			};
		};
		F96D29A12AAC3D2A00BE799C /* XCRemoteSwiftPackageReference "firebase-ios-sdk" */ = {
			isa = XCRemoteSwiftPackageReference;
			repositoryURL = "https://github.com/firebase/firebase-ios-sdk.git";
			requirement = {
				kind = upToNextMajorVersion;
				minimumVersion = 10.0.0;
			};
		};
		F9DEE84D2AA618C300A3B8E8 /* XCRemoteSwiftPackageReference "Alamofire" */ = {
			isa = XCRemoteSwiftPackageReference;
			repositoryURL = "https://github.com/Alamofire/Alamofire.git";
			requirement = {
				kind = upToNextMajorVersion;
				minimumVersion = 5.0.0;
			};
		};
		F9DEE8502AA618D600A3B8E8 /* XCRemoteSwiftPackageReference "Kingfisher" */ = {
			isa = XCRemoteSwiftPackageReference;
			repositoryURL = "https://github.com/onevcat/Kingfisher.git";
			requirement = {
				kind = upToNextMajorVersion;
				minimumVersion = 7.0.0;
			};
		};
/* End XCRemoteSwiftPackageReference section */

/* Begin XCSwiftPackageProductDependency section */
		F96D299C2AAC3CF300BE799C /* ApphudSDK */ = {
			isa = XCSwiftPackageProductDependency;
			package = F96D299B2AAC3CF300BE799C /* XCRemoteSwiftPackageReference "ApphudSDK" */;
			productName = ApphudSDK;
		};
		F96D299F2AAC3CFC00BE799C /* Amplitude */ = {
			isa = XCSwiftPackageProductDependency;
			package = F96D299E2AAC3CFC00BE799C /* XCRemoteSwiftPackageReference "Amplitude-iOS" */;
			productName = Amplitude;
		};
		F96D29A22AAC3D2A00BE799C /* FirebaseRemoteConfigSwift */ = {
			isa = XCSwiftPackageProductDependency;
			package = F96D29A12AAC3D2A00BE799C /* XCRemoteSwiftPackageReference "firebase-ios-sdk" */;
			productName = FirebaseRemoteConfigSwift;
		};
		F9DEE84E2AA618C300A3B8E8 /* Alamofire */ = {
			isa = XCSwiftPackageProductDependency;
			package = F9DEE84D2AA618C300A3B8E8 /* XCRemoteSwiftPackageReference "Alamofire" */;
			productName = Alamofire;
		};
		F9DEE8512AA618D600A3B8E8 /* Kingfisher */ = {
			isa = XCSwiftPackageProductDependency;
			package = F9DEE8502AA618D600A3B8E8 /* XCRemoteSwiftPackageReference "Kingfisher" */;
			productName = Kingfisher;
		};
/* End XCSwiftPackageProductDependency section */

/* Begin XCVersionGroup section */
		F9DEE8782AA6350600A3B8E8 /* AddModel.xcdatamodeld */ = {
			isa = XCVersionGroup;
			children = (
				F9DEE8792AA6350600A3B8E8 /* AddModel.xcdatamodel */,
			);
			currentVersion = F9DEE8792AA6350600A3B8E8 /* AddModel.xcdatamodel */;
			path = AddModel.xcdatamodeld;
			sourceTree = "<group>";
			versionGroupType = wrapper.xcdatamodel;
		};
/* End XCVersionGroup section */
	};
	rootObject = F9DEE8182AA613EB00A3B8E8 /* Project object */;
}
